{
  "name": "@pomgui/rest-angular",
  "version": "0.1.0",
  "lockfileVersion": 1,
  "requires": true,
  "dependencies": {
    "@pomgui/rest-lib": {
      "version": "git+ssh://git@github.com/pomgui/pirest-lib.git#8d1c441f9a987af0eb32b75b05286f08b7ebed34",
      "from": "git+ssh://git@github.com/pomgui/pirest-lib.git"
    }
  }
}
